
Microsoft Visual Studio Solution File, Format Version 12.00
# Visual Studio Version 17
VisualStudioVersion = 17.6.33829.357
MinimumVisualStudioVersion = 10.0.40219.1
Project("{FAE04EC0-301F-11D3-BF4B-00C04F79EFBC}") = "DataRestorationTool", "DataRestorationTool\DataRestorationTool.csproj", "{E3AF463A-D683-4265-8D86-4EECF4692C28}"
EndProject
Global
	GlobalSection(SolutionConfigurationPlatforms) = preSolution
		Debug|Any CPU = Debug|Any CPU
		Debug|x86 = Debug|x86
		Release|Any CPU = Release|Any CPU
		Release|x86 = Release|x86
	EndGlobalSection
	GlobalSection(ProjectConfigurationPlatforms) = postSolution
		{E3AF463A-D683-4265-8D86-4EECF4692C28}.Debug|Any CPU.ActiveCfg = Debug|Any CPU
		{E3AF463A-D683-4265-8D86-4EECF4692C28}.Debug|Any CPU.Build.0 = Debug|Any CPU
		{E3AF463A-D683-4265-8D86-4EECF4692C28}.Debug|x86.ActiveCfg = Debug|Win32
		{E3AF463A-D683-4265-8D86-4EECF4692C28}.Debug|x86.Build.0 = Debug|Win32
		{E3AF463A-D683-4265-8D86-4EECF4692C28}.Release|Any CPU.ActiveCfg = Release|Any CPU
		{E3AF463A-D683-4265-8D86-4EECF4692C28}.Release|Any CPU.Build.0 = Release|Any CPU
		{E3AF463A-D683-4265-8D86-4EECF4692C28}.Release|x86.ActiveCfg = Release|Win32
		{E3AF463A-D683-4265-8D86-4EECF4692C28}.Release|x86.Build.0 = Release|Win32
	EndGlobalSection
	GlobalSection(SolutionProperties) = preSolution
		HideSolutionNode = FALSE
	EndGlobalSection
	GlobalSection(ExtensibilityGlobals) = postSolution
		SolutionGuid = {65557D72-1F5E-44C3-8213-84369960BE94}
	EndGlobalSection
EndGlobal
